
Microsoft Visual Studio Solution File, Format Version 12.00
# Visual Studio Version 16
VisualStudioVersion = 16.0.30804.86
MinimumVisualStudioVersion = 10.0.40219.1
Project("{9A19103F-16F7-4668-BE54-9A1E7A4F7556}") = "SimpleArraySum", "SimpleArraySum\SimpleArraySum.csproj", "{DE2F6FD8-0567-4B14-B276-69125C910272}"
EndProject
Project("{9A19103F-16F7-4668-BE54-9A1E7A4F7556}") = "CompareTheTriplets", "CompareTheTriplets\CompareTheTriplets.csproj", "{9F6459A6-4670-4BDD-915D-18A487A21D60}"
EndProject
Project("{9A19103F-16F7-4668-BE54-9A1E7A4F7556}") = "AVeryBigSum", "AVeryBigSum\AVeryBigSum.csproj", "{2EAE6A02-2A1E-45D5-8910-B8EC26798E84}"
EndProject
Project("{9A19103F-16F7-4668-BE54-9A1E7A4F7556}") = "DiagonalDifference", "DiagonalDifference\DiagonalDifference.csproj", "{89AF00FA-70EB-49CA-8CFB-D453F197C2B2}"
EndProject
Project("{FAE04EC0-301F-11D3-BF4B-00C04F79EFBC}") = "PlusMinus", "PlusMinus\PlusMinus.csproj", "{A6502A13-A35B-4475-A3B6-43DA94B608B1}"
EndProject
Project("{9A19103F-16F7-4668-BE54-9A1E7A4F7556}") = "Staircase", "Staircase\Staircase.csproj", "{C7981B5F-FD69-4399-BD41-5D62680CFDAC}"
EndProject
Project("{FAE04EC0-301F-11D3-BF4B-00C04F79EFBC}") = "Mini-MaxSum", "Mini-MaxSum\Mini-MaxSum.csproj", "{1B254697-25EB-49FA-8DBD-4DF111C57571}"
EndProject
Project("{FAE04EC0-301F-11D3-BF4B-00C04F79EFBC}") = "BirthdayCakeCandles", "BirthdayCakeCandles\BirthdayCakeCandles.csproj", "{AD2B840D-CC86-44E4-BC13-DFE61BBBBB8D}"
EndProject
Global
	GlobalSection(SolutionConfigurationPlatforms) = preSolution
		Debug|Any CPU = Debug|Any CPU
		Release|Any CPU = Release|Any CPU
	EndGlobalSection
	GlobalSection(ProjectConfigurationPlatforms) = postSolution
		{DE2F6FD8-0567-4B14-B276-69125C910272}.Debug|Any CPU.ActiveCfg = Debug|Any CPU
		{DE2F6FD8-0567-4B14-B276-69125C910272}.Debug|Any CPU.Build.0 = Debug|Any CPU
		{DE2F6FD8-0567-4B14-B276-69125C910272}.Release|Any CPU.ActiveCfg = Release|Any CPU
		{DE2F6FD8-0567-4B14-B276-69125C910272}.Release|Any CPU.Build.0 = Release|Any CPU
		{9F6459A6-4670-4BDD-915D-18A487A21D60}.Debug|Any CPU.ActiveCfg = Debug|Any CPU
		{9F6459A6-4670-4BDD-915D-18A487A21D60}.Debug|Any CPU.Build.0 = Debug|Any CPU
		{9F6459A6-4670-4BDD-915D-18A487A21D60}.Release|Any CPU.ActiveCfg = Release|Any CPU
		{9F6459A6-4670-4BDD-915D-18A487A21D60}.Release|Any CPU.Build.0 = Release|Any CPU
		{2EAE6A02-2A1E-45D5-8910-B8EC26798E84}.Debug|Any CPU.ActiveCfg = Debug|Any CPU
		{2EAE6A02-2A1E-45D5-8910-B8EC26798E84}.Debug|Any CPU.Build.0 = Debug|Any CPU
		{2EAE6A02-2A1E-45D5-8910-B8EC26798E84}.Release|Any CPU.ActiveCfg = Release|Any CPU
		{2EAE6A02-2A1E-45D5-8910-B8EC26798E84}.Release|Any CPU.Build.0 = Release|Any CPU
		{89AF00FA-70EB-49CA-8CFB-D453F197C2B2}.Debug|Any CPU.ActiveCfg = Debug|Any CPU
		{89AF00FA-70EB-49CA-8CFB-D453F197C2B2}.Debug|Any CPU.Build.0 = Debug|Any CPU
		{89AF00FA-70EB-49CA-8CFB-D453F197C2B2}.Release|Any CPU.ActiveCfg = Release|Any CPU
		{89AF00FA-70EB-49CA-8CFB-D453F197C2B2}.Release|Any CPU.Build.0 = Release|Any CPU
		{A6502A13-A35B-4475-A3B6-43DA94B608B1}.Debug|Any CPU.ActiveCfg = Debug|Any CPU
		{A6502A13-A35B-4475-A3B6-43DA94B608B1}.Debug|Any CPU.Build.0 = Debug|Any CPU
		{A6502A13-A35B-4475-A3B6-43DA94B608B1}.Release|Any CPU.ActiveCfg = Release|Any CPU
		{A6502A13-A35B-4475-A3B6-43DA94B608B1}.Release|Any CPU.Build.0 = Release|Any CPU
		{C7981B5F-FD69-4399-BD41-5D62680CFDAC}.Debug|Any CPU.ActiveCfg = Debug|Any CPU
		{C7981B5F-FD69-4399-BD41-5D62680CFDAC}.Debug|Any CPU.Build.0 = Debug|Any CPU
		{C7981B5F-FD69-4399-BD41-5D62680CFDAC}.Release|Any CPU.ActiveCfg = Release|Any CPU
		{C7981B5F-FD69-4399-BD41-5D62680CFDAC}.Release|Any CPU.Build.0 = Release|Any CPU
		{1B254697-25EB-49FA-8DBD-4DF111C57571}.Debug|Any CPU.ActiveCfg = Debug|Any CPU
		{1B254697-25EB-49FA-8DBD-4DF111C57571}.Debug|Any CPU.Build.0 = Debug|Any CPU
		{1B254697-25EB-49FA-8DBD-4DF111C57571}.Release|Any CPU.ActiveCfg = Release|Any CPU
		{1B254697-25EB-49FA-8DBD-4DF111C57571}.Release|Any CPU.Build.0 = Release|Any CPU
		{AD2B840D-CC86-44E4-BC13-DFE61BBBBB8D}.Debug|Any CPU.ActiveCfg = Debug|Any CPU
		{AD2B840D-CC86-44E4-BC13-DFE61BBBBB8D}.Debug|Any CPU.Build.0 = Debug|Any CPU
		{AD2B840D-CC86-44E4-BC13-DFE61BBBBB8D}.Release|Any CPU.ActiveCfg = Release|Any CPU
		{AD2B840D-CC86-44E4-BC13-DFE61BBBBB8D}.Release|Any CPU.Build.0 = Release|Any CPU
	EndGlobalSection
	GlobalSection(SolutionProperties) = preSolution
		HideSolutionNode = FALSE
	EndGlobalSection
	GlobalSection(ExtensibilityGlobals) = postSolution
		SolutionGuid = {5F3AE7CB-311A-415C-8322-19CFBC9C67D4}
	EndGlobalSection
EndGlobal
