
Microsoft Visual Studio Solution File, Format Version 12.00
# Visual Studio Version 16
VisualStudioVersion = 16.0.30804.86
MinimumVisualStudioVersion = 10.0.40219.1
Project("{9A19103F-16F7-4668-BE54-9A1E7A4F7556}") = "SimpleArraySum", "SimpleArraySum\SimpleArraySum.csproj", "{DE2F6FD8-0567-4B14-B276-69125C910272}"
EndProject
Project("{9A19103F-16F7-4668-BE54-9A1E7A4F7556}") = "CompareTheTriplets", "CompareTheTriplets\CompareTheTriplets.csproj", "{9F6459A6-4670-4BDD-915D-18A487A21D60}"
EndProject
Project("{9A19103F-16F7-4668-BE54-9A1E7A4F7556}") = "AVeryBigSum", "AVeryBigSum\AVeryBigSum.csproj", "{2EAE6A02-2A1E-45D5-8910-B8EC26798E84}"
EndProject
Project("{9A19103F-16F7-4668-BE54-9A1E7A4F7556}") = "DiagonalDifference", "DiagonalDifference\DiagonalDifference.csproj", "{89AF00FA-70EB-49CA-8CFB-D453F197C2B2}"
EndProject
Project("{9A19103F-16F7-4668-BE54-9A1E7A4F7556}") = "PlusMinus", "PlusMinus\PlusMinus.csproj", "{A6502A13-A35B-4475-A3B6-43DA94B608B1}"
EndProject
Project("{9A19103F-16F7-4668-BE54-9A1E7A4F7556}") = "Staircase", "Staircase\Staircase.csproj", "{C7981B5F-FD69-4399-BD41-5D62680CFDAC}"
EndProject
Project("{9A19103F-16F7-4668-BE54-9A1E7A4F7556}") = "Mini-MaxSum", "Mini-MaxSum\Mini-MaxSum.csproj", "{1B254697-25EB-49FA-8DBD-4DF111C57571}"
EndProject
Project("{9A19103F-16F7-4668-BE54-9A1E7A4F7556}") = "BirthdayCakeCandles", "BirthdayCakeCandles\BirthdayCakeCandles.csproj", "{AD2B840D-CC86-44E4-BC13-DFE61BBBBB8D}"
EndProject
Project("{9A19103F-16F7-4668-BE54-9A1E7A4F7556}") = "TimeConversion", "TimeConversion\TimeConversion.csproj", "{903EBF13-91D2-44CB-842A-2624CCBB8E91}"
EndProject
Project("{9A19103F-16F7-4668-BE54-9A1E7A4F7556}") = "GradingStudents", "GradingStudents\GradingStudents.csproj", "{2F3D8375-D995-447F-8E84-5B3110FBB0CB}"
EndProject
Project("{9A19103F-16F7-4668-BE54-9A1E7A4F7556}") = "AppleAndOrange", "AppleAndOrange\AppleAndOrange.csproj", "{4BC3FF03-8F06-4F31-BFDA-D50B9C18A070}"
EndProject
Project("{9A19103F-16F7-4668-BE54-9A1E7A4F7556}") = "NumberLineJumps", "NumberLineJumps\NumberLineJumps.csproj", "{0371EEF5-C1D3-442D-B1C6-97CB7506AD2A}"
EndProject
Project("{9A19103F-16F7-4668-BE54-9A1E7A4F7556}") = "BetweenTwoSets", "BetweenTwoSets\BetweenTwoSets.csproj", "{6912F27B-1293-445D-A41F-F027403446B2}"
EndProject
Project("{9A19103F-16F7-4668-BE54-9A1E7A4F7556}") = "BreakingTheRecords", "BreakingTheRecords\BreakingTheRecords.csproj", "{1E969EE8-1F8C-4A48-9464-8091E4ED7729}"
EndProject
Project("{FAE04EC0-301F-11D3-BF4B-00C04F79EFBC}") = "SubarrayDivision", "SubarrayDivision\SubarrayDivision.csproj", "{388B101C-03B9-416F-B087-852E31D96696}"
EndProject
Global
	GlobalSection(SolutionConfigurationPlatforms) = preSolution
		Debug|Any CPU = Debug|Any CPU
		Release|Any CPU = Release|Any CPU
	EndGlobalSection
	GlobalSection(ProjectConfigurationPlatforms) = postSolution
		{DE2F6FD8-0567-4B14-B276-69125C910272}.Debug|Any CPU.ActiveCfg = Debug|Any CPU
		{DE2F6FD8-0567-4B14-B276-69125C910272}.Debug|Any CPU.Build.0 = Debug|Any CPU
		{DE2F6FD8-0567-4B14-B276-69125C910272}.Release|Any CPU.ActiveCfg = Release|Any CPU
		{DE2F6FD8-0567-4B14-B276-69125C910272}.Release|Any CPU.Build.0 = Release|Any CPU
		{9F6459A6-4670-4BDD-915D-18A487A21D60}.Debug|Any CPU.ActiveCfg = Debug|Any CPU
		{9F6459A6-4670-4BDD-915D-18A487A21D60}.Debug|Any CPU.Build.0 = Debug|Any CPU
		{9F6459A6-4670-4BDD-915D-18A487A21D60}.Release|Any CPU.ActiveCfg = Release|Any CPU
		{9F6459A6-4670-4BDD-915D-18A487A21D60}.Release|Any CPU.Build.0 = Release|Any CPU
		{2EAE6A02-2A1E-45D5-8910-B8EC26798E84}.Debug|Any CPU.ActiveCfg = Debug|Any CPU
		{2EAE6A02-2A1E-45D5-8910-B8EC26798E84}.Debug|Any CPU.Build.0 = Debug|Any CPU
		{2EAE6A02-2A1E-45D5-8910-B8EC26798E84}.Release|Any CPU.ActiveCfg = Release|Any CPU
		{2EAE6A02-2A1E-45D5-8910-B8EC26798E84}.Release|Any CPU.Build.0 = Release|Any CPU
		{89AF00FA-70EB-49CA-8CFB-D453F197C2B2}.Debug|Any CPU.ActiveCfg = Debug|Any CPU
		{89AF00FA-70EB-49CA-8CFB-D453F197C2B2}.Debug|Any CPU.Build.0 = Debug|Any CPU
		{89AF00FA-70EB-49CA-8CFB-D453F197C2B2}.Release|Any CPU.ActiveCfg = Release|Any CPU
		{89AF00FA-70EB-49CA-8CFB-D453F197C2B2}.Release|Any CPU.Build.0 = Release|Any CPU
		{A6502A13-A35B-4475-A3B6-43DA94B608B1}.Debug|Any CPU.ActiveCfg = Debug|Any CPU
		{A6502A13-A35B-4475-A3B6-43DA94B608B1}.Debug|Any CPU.Build.0 = Debug|Any CPU
		{A6502A13-A35B-4475-A3B6-43DA94B608B1}.Release|Any CPU.ActiveCfg = Release|Any CPU
		{A6502A13-A35B-4475-A3B6-43DA94B608B1}.Release|Any CPU.Build.0 = Release|Any CPU
		{C7981B5F-FD69-4399-BD41-5D62680CFDAC}.Debug|Any CPU.ActiveCfg = Debug|Any CPU
		{C7981B5F-FD69-4399-BD41-5D62680CFDAC}.Debug|Any CPU.Build.0 = Debug|Any CPU
		{C7981B5F-FD69-4399-BD41-5D62680CFDAC}.Release|Any CPU.ActiveCfg = Release|Any CPU
		{C7981B5F-FD69-4399-BD41-5D62680CFDAC}.Release|Any CPU.Build.0 = Release|Any CPU
		{1B254697-25EB-49FA-8DBD-4DF111C57571}.Debug|Any CPU.ActiveCfg = Debug|Any CPU
		{1B254697-25EB-49FA-8DBD-4DF111C57571}.Debug|Any CPU.Build.0 = Debug|Any CPU
		{1B254697-25EB-49FA-8DBD-4DF111C57571}.Release|Any CPU.ActiveCfg = Release|Any CPU
		{1B254697-25EB-49FA-8DBD-4DF111C57571}.Release|Any CPU.Build.0 = Release|Any CPU
		{AD2B840D-CC86-44E4-BC13-DFE61BBBBB8D}.Debug|Any CPU.ActiveCfg = Debug|Any CPU
		{AD2B840D-CC86-44E4-BC13-DFE61BBBBB8D}.Debug|Any CPU.Build.0 = Debug|Any CPU
		{AD2B840D-CC86-44E4-BC13-DFE61BBBBB8D}.Release|Any CPU.ActiveCfg = Release|Any CPU
		{AD2B840D-CC86-44E4-BC13-DFE61BBBBB8D}.Release|Any CPU.Build.0 = Release|Any CPU
		{903EBF13-91D2-44CB-842A-2624CCBB8E91}.Debug|Any CPU.ActiveCfg = Debug|Any CPU
		{903EBF13-91D2-44CB-842A-2624CCBB8E91}.Debug|Any CPU.Build.0 = Debug|Any CPU
		{903EBF13-91D2-44CB-842A-2624CCBB8E91}.Release|Any CPU.ActiveCfg = Release|Any CPU
		{903EBF13-91D2-44CB-842A-2624CCBB8E91}.Release|Any CPU.Build.0 = Release|Any CPU
		{2F3D8375-D995-447F-8E84-5B3110FBB0CB}.Debug|Any CPU.ActiveCfg = Debug|Any CPU
		{2F3D8375-D995-447F-8E84-5B3110FBB0CB}.Debug|Any CPU.Build.0 = Debug|Any CPU
		{2F3D8375-D995-447F-8E84-5B3110FBB0CB}.Release|Any CPU.ActiveCfg = Release|Any CPU
		{2F3D8375-D995-447F-8E84-5B3110FBB0CB}.Release|Any CPU.Build.0 = Release|Any CPU
		{4BC3FF03-8F06-4F31-BFDA-D50B9C18A070}.Debug|Any CPU.ActiveCfg = Debug|Any CPU
		{4BC3FF03-8F06-4F31-BFDA-D50B9C18A070}.Debug|Any CPU.Build.0 = Debug|Any CPU
		{4BC3FF03-8F06-4F31-BFDA-D50B9C18A070}.Release|Any CPU.ActiveCfg = Release|Any CPU
		{4BC3FF03-8F06-4F31-BFDA-D50B9C18A070}.Release|Any CPU.Build.0 = Release|Any CPU
		{0371EEF5-C1D3-442D-B1C6-97CB7506AD2A}.Debug|Any CPU.ActiveCfg = Debug|Any CPU
		{0371EEF5-C1D3-442D-B1C6-97CB7506AD2A}.Debug|Any CPU.Build.0 = Debug|Any CPU
		{0371EEF5-C1D3-442D-B1C6-97CB7506AD2A}.Release|Any CPU.ActiveCfg = Release|Any CPU
		{0371EEF5-C1D3-442D-B1C6-97CB7506AD2A}.Release|Any CPU.Build.0 = Release|Any CPU
		{6912F27B-1293-445D-A41F-F027403446B2}.Debug|Any CPU.ActiveCfg = Debug|Any CPU
		{6912F27B-1293-445D-A41F-F027403446B2}.Debug|Any CPU.Build.0 = Debug|Any CPU
		{6912F27B-1293-445D-A41F-F027403446B2}.Release|Any CPU.ActiveCfg = Release|Any CPU
		{6912F27B-1293-445D-A41F-F027403446B2}.Release|Any CPU.Build.0 = Release|Any CPU
		{1E969EE8-1F8C-4A48-9464-8091E4ED7729}.Debug|Any CPU.ActiveCfg = Debug|Any CPU
		{1E969EE8-1F8C-4A48-9464-8091E4ED7729}.Debug|Any CPU.Build.0 = Debug|Any CPU
		{1E969EE8-1F8C-4A48-9464-8091E4ED7729}.Release|Any CPU.ActiveCfg = Release|Any CPU
		{1E969EE8-1F8C-4A48-9464-8091E4ED7729}.Release|Any CPU.Build.0 = Release|Any CPU
		{388B101C-03B9-416F-B087-852E31D96696}.Debug|Any CPU.ActiveCfg = Debug|Any CPU
		{388B101C-03B9-416F-B087-852E31D96696}.Debug|Any CPU.Build.0 = Debug|Any CPU
		{388B101C-03B9-416F-B087-852E31D96696}.Release|Any CPU.ActiveCfg = Release|Any CPU
		{388B101C-03B9-416F-B087-852E31D96696}.Release|Any CPU.Build.0 = Release|Any CPU
	EndGlobalSection
	GlobalSection(SolutionProperties) = preSolution
		HideSolutionNode = FALSE
	EndGlobalSection
	GlobalSection(ExtensibilityGlobals) = postSolution
		SolutionGuid = {5F3AE7CB-311A-415C-8322-19CFBC9C67D4}
	EndGlobalSection
EndGlobal
